
Microsoft Visual Studio Solution File, Format Version 12.00
# Visual Studio Version 17
VisualStudioVersion = 17.3.32811.315
MinimumVisualStudioVersion = 10.0.40219.1
Project("{FAE04EC0-301F-11D3-BF4B-00C04F79EFBC}") = "HashTableDemo", "HashTableDemo.csproj", "{BA838707-FE9D-4633-8E01-203269A810E0}"
EndProject
Global
	GlobalSection(SolutionConfigurationPlatforms) = preSolution
		Debug|Any CPU = Debug|Any CPU
		Release|Any CPU = Release|Any CPU
	EndGlobalSection
	GlobalSection(ProjectConfigurationPlatforms) = postSolution
		{BA838707-FE9D-4633-8E01-203269A810E0}.Debug|Any CPU.ActiveCfg = Debug|Any CPU
		{BA838707-FE9D-4633-8E01-203269A810E0}.Debug|Any CPU.Build.0 = Debug|Any CPU
		{BA838707-FE9D-4633-8E01-203269A810E0}.Release|Any CPU.ActiveCfg = Release|Any CPU
		{BA838707-FE9D-4633-8E01-203269A810E0}.Release|Any CPU.Build.0 = Release|Any CPU
	EndGlobalSection
	GlobalSection(SolutionProperties) = preSolution
		HideSolutionNode = FALSE
	EndGlobalSection
	GlobalSection(ExtensibilityGlobals) = postSolution
		SolutionGuid = {A49C3E3F-1F7C-449F-8D8B-2D953F7A46B1}
	EndGlobalSection
EndGlobal
